
Microsoft Visual Studio Solution File, Format Version 12.00
# Visual Studio Version 17
VisualStudioVersion = 17.7.34031.279
MinimumVisualStudioVersion = 10.0.40219.1
Project("{9A19103F-16F7-4668-BE54-9A1E7A4F7556}") = "WebAPIDayThree", "WebAPIDayThree\WebAPIDayThree.csproj", "{C4E37E38-8B0B-492A-8234-AC9C69D54841}"
EndProject
Project("{FAE04EC0-301F-11D3-BF4B-00C04F79EFBC}") = "WebApiTest", "WebApiTest\WebApiTest.csproj", "{3D8C0678-1416-4E25-B43E-4B4582DA8888}"
EndProject
Global
	GlobalSection(SolutionConfigurationPlatforms) = preSolution
		Debug|Any CPU = Debug|Any CPU
		Release|Any CPU = Release|Any CPU
	EndGlobalSection
	GlobalSection(ProjectConfigurationPlatforms) = postSolution
		{C4E37E38-8B0B-492A-8234-AC9C69D54841}.Debug|Any CPU.ActiveCfg = Debug|Any CPU
		{C4E37E38-8B0B-492A-8234-AC9C69D54841}.Debug|Any CPU.Build.0 = Debug|Any CPU
		{C4E37E38-8B0B-492A-8234-AC9C69D54841}.Release|Any CPU.ActiveCfg = Release|Any CPU
		{C4E37E38-8B0B-492A-8234-AC9C69D54841}.Release|Any CPU.Build.0 = Release|Any CPU
		{3D8C0678-1416-4E25-B43E-4B4582DA8888}.Debug|Any CPU.ActiveCfg = Debug|Any CPU
		{3D8C0678-1416-4E25-B43E-4B4582DA8888}.Debug|Any CPU.Build.0 = Debug|Any CPU
		{3D8C0678-1416-4E25-B43E-4B4582DA8888}.Release|Any CPU.ActiveCfg = Release|Any CPU
		{3D8C0678-1416-4E25-B43E-4B4582DA8888}.Release|Any CPU.Build.0 = Release|Any CPU
	EndGlobalSection
	GlobalSection(SolutionProperties) = preSolution
		HideSolutionNode = FALSE
	EndGlobalSection
	GlobalSection(ExtensibilityGlobals) = postSolution
		SolutionGuid = {AB525FDE-18FD-412F-B43C-ED2C75F70866}
	EndGlobalSection
EndGlobal
